
Microsoft Visual Studio Solution File, Format Version 12.00
# Visual Studio Version 16
VisualStudioVersion = 16.0.31129.286
MinimumVisualStudioVersion = 10.0.40219.1
Project("{FAE04EC0-301F-11D3-BF4B-00C04F79EFBC}") = "Learning", "Learning\Learning.csproj", "{B2731C40-87C7-4A63-BB25-4C041DF72FA6}"
EndProject
Project("{FAE04EC0-301F-11D3-BF4B-00C04F79EFBC}") = "Event001", "Event001\Event001.csproj", "{BD882BDD-C7B4-41E0-94CB-58B57A69B33A}"
EndProject
Project("{FAE04EC0-301F-11D3-BF4B-00C04F79EFBC}") = "Event002", "Event002\Event002.csproj", "{8DEC611C-C378-411D-9293-53F95EFE8C6E}"
EndProject
Project("{FAE04EC0-301F-11D3-BF4B-00C04F79EFBC}") = "Event003", "Event003\Event003.csproj", "{F8C039B8-8534-461E-9734-6E25C5AD3F90}"
EndProject
Project("{FAE04EC0-301F-11D3-BF4B-00C04F79EFBC}") = "Event004", "Event004\Event004.csproj", "{3D6EDBE8-BA1F-4F71-918F-283DA4BA1621}"
EndProject
Project("{FAE04EC0-301F-11D3-BF4B-00C04F79EFBC}") = "Control001", "Control001\Control001.csproj", "{CE402387-CB7D-42E0-859F-5FE302CABE12}"
EndProject
Project("{FAE04EC0-301F-11D3-BF4B-00C04F79EFBC}") = "Control002", "Control002\Control002.csproj", "{817DBDE5-72DC-407E-81EF-A6475E1BCED1}"
EndProject
Project("{FAE04EC0-301F-11D3-BF4B-00C04F79EFBC}") = "Control003", "Control003\Control003.csproj", "{FF3F2C1E-10A5-47D8-8B0E-CE2881946FDF}"
EndProject
Project("{FAE04EC0-301F-11D3-BF4B-00C04F79EFBC}") = "Control004", "Control004\Control004.csproj", "{5980C9AB-095D-4889-B2FD-2B45460FEEA4}"
EndProject
Project("{FAE04EC0-301F-11D3-BF4B-00C04F79EFBC}") = "Control005", "Control005\Control005.csproj", "{CD9977EE-AE83-4E6E-A045-7C376EAD597A}"
EndProject
Project("{FAE04EC0-301F-11D3-BF4B-00C04F79EFBC}") = "Control006", "Control006\Control006.csproj", "{545EAD75-68FF-4D74-A981-B0213C3B2D80}"
EndProject
Global
	GlobalSection(SolutionConfigurationPlatforms) = preSolution
		Debug|Any CPU = Debug|Any CPU
		Release|Any CPU = Release|Any CPU
	EndGlobalSection
	GlobalSection(ProjectConfigurationPlatforms) = postSolution
		{B2731C40-87C7-4A63-BB25-4C041DF72FA6}.Debug|Any CPU.ActiveCfg = Debug|Any CPU
		{B2731C40-87C7-4A63-BB25-4C041DF72FA6}.Debug|Any CPU.Build.0 = Debug|Any CPU
		{B2731C40-87C7-4A63-BB25-4C041DF72FA6}.Release|Any CPU.ActiveCfg = Release|Any CPU
		{B2731C40-87C7-4A63-BB25-4C041DF72FA6}.Release|Any CPU.Build.0 = Release|Any CPU
		{BD882BDD-C7B4-41E0-94CB-58B57A69B33A}.Debug|Any CPU.ActiveCfg = Debug|Any CPU
		{BD882BDD-C7B4-41E0-94CB-58B57A69B33A}.Debug|Any CPU.Build.0 = Debug|Any CPU
		{BD882BDD-C7B4-41E0-94CB-58B57A69B33A}.Release|Any CPU.ActiveCfg = Release|Any CPU
		{BD882BDD-C7B4-41E0-94CB-58B57A69B33A}.Release|Any CPU.Build.0 = Release|Any CPU
		{8DEC611C-C378-411D-9293-53F95EFE8C6E}.Debug|Any CPU.ActiveCfg = Debug|Any CPU
		{8DEC611C-C378-411D-9293-53F95EFE8C6E}.Debug|Any CPU.Build.0 = Debug|Any CPU
		{8DEC611C-C378-411D-9293-53F95EFE8C6E}.Release|Any CPU.ActiveCfg = Release|Any CPU
		{8DEC611C-C378-411D-9293-53F95EFE8C6E}.Release|Any CPU.Build.0 = Release|Any CPU
		{F8C039B8-8534-461E-9734-6E25C5AD3F90}.Debug|Any CPU.ActiveCfg = Debug|Any CPU
		{F8C039B8-8534-461E-9734-6E25C5AD3F90}.Debug|Any CPU.Build.0 = Debug|Any CPU
		{F8C039B8-8534-461E-9734-6E25C5AD3F90}.Release|Any CPU.ActiveCfg = Release|Any CPU
		{F8C039B8-8534-461E-9734-6E25C5AD3F90}.Release|Any CPU.Build.0 = Release|Any CPU
		{3D6EDBE8-BA1F-4F71-918F-283DA4BA1621}.Debug|Any CPU.ActiveCfg = Debug|Any CPU
		{3D6EDBE8-BA1F-4F71-918F-283DA4BA1621}.Debug|Any CPU.Build.0 = Debug|Any CPU
		{3D6EDBE8-BA1F-4F71-918F-283DA4BA1621}.Release|Any CPU.ActiveCfg = Release|Any CPU
		{3D6EDBE8-BA1F-4F71-918F-283DA4BA1621}.Release|Any CPU.Build.0 = Release|Any CPU
		{CE402387-CB7D-42E0-859F-5FE302CABE12}.Debug|Any CPU.ActiveCfg = Debug|Any CPU
		{CE402387-CB7D-42E0-859F-5FE302CABE12}.Debug|Any CPU.Build.0 = Debug|Any CPU
		{CE402387-CB7D-42E0-859F-5FE302CABE12}.Release|Any CPU.ActiveCfg = Release|Any CPU
		{CE402387-CB7D-42E0-859F-5FE302CABE12}.Release|Any CPU.Build.0 = Release|Any CPU
		{817DBDE5-72DC-407E-81EF-A6475E1BCED1}.Debug|Any CPU.ActiveCfg = Debug|Any CPU
		{817DBDE5-72DC-407E-81EF-A6475E1BCED1}.Debug|Any CPU.Build.0 = Debug|Any CPU
		{817DBDE5-72DC-407E-81EF-A6475E1BCED1}.Release|Any CPU.ActiveCfg = Release|Any CPU
		{817DBDE5-72DC-407E-81EF-A6475E1BCED1}.Release|Any CPU.Build.0 = Release|Any CPU
		{FF3F2C1E-10A5-47D8-8B0E-CE2881946FDF}.Debug|Any CPU.ActiveCfg = Debug|Any CPU
		{FF3F2C1E-10A5-47D8-8B0E-CE2881946FDF}.Debug|Any CPU.Build.0 = Debug|Any CPU
		{FF3F2C1E-10A5-47D8-8B0E-CE2881946FDF}.Release|Any CPU.ActiveCfg = Release|Any CPU
		{FF3F2C1E-10A5-47D8-8B0E-CE2881946FDF}.Release|Any CPU.Build.0 = Release|Any CPU
		{5980C9AB-095D-4889-B2FD-2B45460FEEA4}.Debug|Any CPU.ActiveCfg = Debug|Any CPU
		{5980C9AB-095D-4889-B2FD-2B45460FEEA4}.Debug|Any CPU.Build.0 = Debug|Any CPU
		{5980C9AB-095D-4889-B2FD-2B45460FEEA4}.Release|Any CPU.ActiveCfg = Release|Any CPU
		{5980C9AB-095D-4889-B2FD-2B45460FEEA4}.Release|Any CPU.Build.0 = Release|Any CPU
		{CD9977EE-AE83-4E6E-A045-7C376EAD597A}.Debug|Any CPU.ActiveCfg = Debug|Any CPU
		{CD9977EE-AE83-4E6E-A045-7C376EAD597A}.Debug|Any CPU.Build.0 = Debug|Any CPU
		{CD9977EE-AE83-4E6E-A045-7C376EAD597A}.Release|Any CPU.ActiveCfg = Release|Any CPU
		{CD9977EE-AE83-4E6E-A045-7C376EAD597A}.Release|Any CPU.Build.0 = Release|Any CPU
		{545EAD75-68FF-4D74-A981-B0213C3B2D80}.Debug|Any CPU.ActiveCfg = Debug|Any CPU
		{545EAD75-68FF-4D74-A981-B0213C3B2D80}.Debug|Any CPU.Build.0 = Debug|Any CPU
		{545EAD75-68FF-4D74-A981-B0213C3B2D80}.Release|Any CPU.ActiveCfg = Release|Any CPU
		{545EAD75-68FF-4D74-A981-B0213C3B2D80}.Release|Any CPU.Build.0 = Release|Any CPU
	EndGlobalSection
	GlobalSection(SolutionProperties) = preSolution
		HideSolutionNode = FALSE
	EndGlobalSection
	GlobalSection(ExtensibilityGlobals) = postSolution
		SolutionGuid = {E34C1533-85C2-4EF2-83F1-673EFEC58DAE}
	EndGlobalSection
EndGlobal
